
Microsoft Visual Studio Solution File, Format Version 12.00
# Visual Studio 2010
Project("{FAE04EC0-301F-11D3-BF4B-00C04F79EFBC}") = "CefBrowserNoWinForm", "CefBrowserNoWinForm.csproj", "{1A4FB7B1-0544-4B14-8953-9C1D05487C84}"
EndProject
Project("{FAE04EC0-301F-11D3-BF4B-00C04F79EFBC}") = "CefBridge", "..\CefBridge\CefBridge.csproj", "{92688DA6-2690-485B-96B6-C99B8C4490EC}"
EndProject
Project("{FAE04EC0-301F-11D3-BF4B-00C04F79EFBC}") = "CefBrowser", "..\CefBrowser\CefBrowser.csproj", "{ECB77D05-7BF7-4B8C-892A-59254A968863}"
EndProject
Project("{FAE04EC0-301F-11D3-BF4B-00C04F79EFBC}") = "CefBrowserOnGlfw", "..\CefBrowserOnGlfw\CefBrowserOnGlfw.csproj", "{66B2CC90-5D7F-4706-9955-4A76F314AD32}"
EndProject
Project("{FAE04EC0-301F-11D3-BF4B-00C04F79EFBC}") = "Pencil.Gaming", "..\Pencil\Pencil.Gaming\Pencil.Gaming.csproj", "{DDB6DB6D-E5DE-4BDB-8AC8-26DF800E9FF0}"
EndProject
Global
	GlobalSection(SolutionConfigurationPlatforms) = preSolution
		Compatibility-GLFW2|Any CPU = Compatibility-GLFW2|Any CPU
		Compatibility-GLFW2|Mixed Platforms = Compatibility-GLFW2|Mixed Platforms
		Compatibility-GLFW2|x86 = Compatibility-GLFW2|x86
		Compatibility-GLFW3|Any CPU = Compatibility-GLFW3|Any CPU
		Compatibility-GLFW3|Mixed Platforms = Compatibility-GLFW3|Mixed Platforms
		Compatibility-GLFW3|x86 = Compatibility-GLFW3|x86
		Core-GLFW2|Any CPU = Core-GLFW2|Any CPU
		Core-GLFW2|Mixed Platforms = Core-GLFW2|Mixed Platforms
		Core-GLFW2|x86 = Core-GLFW2|x86
		Core-GLFW3|Any CPU = Core-GLFW3|Any CPU
		Core-GLFW3|Mixed Platforms = Core-GLFW3|Mixed Platforms
		Core-GLFW3|x86 = Core-GLFW3|x86
		Debug|Any CPU = Debug|Any CPU
		Debug|Mixed Platforms = Debug|Mixed Platforms
		Debug|x86 = Debug|x86
		Release|Any CPU = Release|Any CPU
		Release|Mixed Platforms = Release|Mixed Platforms
		Release|x86 = Release|x86
	EndGlobalSection
	GlobalSection(ProjectConfigurationPlatforms) = postSolution
		{1A4FB7B1-0544-4B14-8953-9C1D05487C84}.Compatibility-GLFW2|Any CPU.ActiveCfg = Release|Any CPU
		{1A4FB7B1-0544-4B14-8953-9C1D05487C84}.Compatibility-GLFW2|Any CPU.Build.0 = Release|Any CPU
		{1A4FB7B1-0544-4B14-8953-9C1D05487C84}.Compatibility-GLFW2|Mixed Platforms.ActiveCfg = Release|Any CPU
		{1A4FB7B1-0544-4B14-8953-9C1D05487C84}.Compatibility-GLFW2|Mixed Platforms.Build.0 = Release|Any CPU
		{1A4FB7B1-0544-4B14-8953-9C1D05487C84}.Compatibility-GLFW2|x86.ActiveCfg = Release|Any CPU
		{1A4FB7B1-0544-4B14-8953-9C1D05487C84}.Compatibility-GLFW3|Any CPU.ActiveCfg = Release|Any CPU
		{1A4FB7B1-0544-4B14-8953-9C1D05487C84}.Compatibility-GLFW3|Any CPU.Build.0 = Release|Any CPU
		{1A4FB7B1-0544-4B14-8953-9C1D05487C84}.Compatibility-GLFW3|Mixed Platforms.ActiveCfg = Release|Any CPU
		{1A4FB7B1-0544-4B14-8953-9C1D05487C84}.Compatibility-GLFW3|Mixed Platforms.Build.0 = Release|Any CPU
		{1A4FB7B1-0544-4B14-8953-9C1D05487C84}.Compatibility-GLFW3|x86.ActiveCfg = Release|Any CPU
		{1A4FB7B1-0544-4B14-8953-9C1D05487C84}.Core-GLFW2|Any CPU.ActiveCfg = Release|Any CPU
		{1A4FB7B1-0544-4B14-8953-9C1D05487C84}.Core-GLFW2|Any CPU.Build.0 = Release|Any CPU
		{1A4FB7B1-0544-4B14-8953-9C1D05487C84}.Core-GLFW2|Mixed Platforms.ActiveCfg = Release|Any CPU
		{1A4FB7B1-0544-4B14-8953-9C1D05487C84}.Core-GLFW2|Mixed Platforms.Build.0 = Release|Any CPU
		{1A4FB7B1-0544-4B14-8953-9C1D05487C84}.Core-GLFW2|x86.ActiveCfg = Release|Any CPU
		{1A4FB7B1-0544-4B14-8953-9C1D05487C84}.Core-GLFW3|Any CPU.ActiveCfg = Release|Any CPU
		{1A4FB7B1-0544-4B14-8953-9C1D05487C84}.Core-GLFW3|Any CPU.Build.0 = Release|Any CPU
		{1A4FB7B1-0544-4B14-8953-9C1D05487C84}.Core-GLFW3|Mixed Platforms.ActiveCfg = Release|Any CPU
		{1A4FB7B1-0544-4B14-8953-9C1D05487C84}.Core-GLFW3|Mixed Platforms.Build.0 = Release|Any CPU
		{1A4FB7B1-0544-4B14-8953-9C1D05487C84}.Core-GLFW3|x86.ActiveCfg = Release|Any CPU
		{1A4FB7B1-0544-4B14-8953-9C1D05487C84}.Debug|Any CPU.ActiveCfg = Debug|Any CPU
		{1A4FB7B1-0544-4B14-8953-9C1D05487C84}.Debug|Any CPU.Build.0 = Debug|Any CPU
		{1A4FB7B1-0544-4B14-8953-9C1D05487C84}.Debug|Mixed Platforms.ActiveCfg = Debug|Any CPU
		{1A4FB7B1-0544-4B14-8953-9C1D05487C84}.Debug|Mixed Platforms.Build.0 = Debug|Any CPU
		{1A4FB7B1-0544-4B14-8953-9C1D05487C84}.Debug|x86.ActiveCfg = Debug|Any CPU
		{1A4FB7B1-0544-4B14-8953-9C1D05487C84}.Release|Any CPU.ActiveCfg = Release|Any CPU
		{1A4FB7B1-0544-4B14-8953-9C1D05487C84}.Release|Any CPU.Build.0 = Release|Any CPU
		{1A4FB7B1-0544-4B14-8953-9C1D05487C84}.Release|Mixed Platforms.ActiveCfg = Release|Any CPU
		{1A4FB7B1-0544-4B14-8953-9C1D05487C84}.Release|Mixed Platforms.Build.0 = Release|Any CPU
		{1A4FB7B1-0544-4B14-8953-9C1D05487C84}.Release|x86.ActiveCfg = Release|Any CPU
		{92688DA6-2690-485B-96B6-C99B8C4490EC}.Compatibility-GLFW2|Any CPU.ActiveCfg = Release|Any CPU
		{92688DA6-2690-485B-96B6-C99B8C4490EC}.Compatibility-GLFW2|Any CPU.Build.0 = Release|Any CPU
		{92688DA6-2690-485B-96B6-C99B8C4490EC}.Compatibility-GLFW2|Mixed Platforms.ActiveCfg = Release|Any CPU
		{92688DA6-2690-485B-96B6-C99B8C4490EC}.Compatibility-GLFW2|Mixed Platforms.Build.0 = Release|Any CPU
		{92688DA6-2690-485B-96B6-C99B8C4490EC}.Compatibility-GLFW2|x86.ActiveCfg = Release|Any CPU
		{92688DA6-2690-485B-96B6-C99B8C4490EC}.Compatibility-GLFW3|Any CPU.ActiveCfg = Release|Any CPU
		{92688DA6-2690-485B-96B6-C99B8C4490EC}.Compatibility-GLFW3|Any CPU.Build.0 = Release|Any CPU
		{92688DA6-2690-485B-96B6-C99B8C4490EC}.Compatibility-GLFW3|Mixed Platforms.ActiveCfg = Release|Any CPU
		{92688DA6-2690-485B-96B6-C99B8C4490EC}.Compatibility-GLFW3|Mixed Platforms.Build.0 = Release|Any CPU
		{92688DA6-2690-485B-96B6-C99B8C4490EC}.Compatibility-GLFW3|x86.ActiveCfg = Release|Any CPU
		{92688DA6-2690-485B-96B6-C99B8C4490EC}.Core-GLFW2|Any CPU.ActiveCfg = Release|Any CPU
		{92688DA6-2690-485B-96B6-C99B8C4490EC}.Core-GLFW2|Any CPU.Build.0 = Release|Any CPU
		{92688DA6-2690-485B-96B6-C99B8C4490EC}.Core-GLFW2|Mixed Platforms.ActiveCfg = Release|Any CPU
		{92688DA6-2690-485B-96B6-C99B8C4490EC}.Core-GLFW2|Mixed Platforms.Build.0 = Release|Any CPU
		{92688DA6-2690-485B-96B6-C99B8C4490EC}.Core-GLFW2|x86.ActiveCfg = Release|Any CPU
		{92688DA6-2690-485B-96B6-C99B8C4490EC}.Core-GLFW3|Any CPU.ActiveCfg = Release|Any CPU
		{92688DA6-2690-485B-96B6-C99B8C4490EC}.Core-GLFW3|Any CPU.Build.0 = Release|Any CPU
		{92688DA6-2690-485B-96B6-C99B8C4490EC}.Core-GLFW3|Mixed Platforms.ActiveCfg = Release|Any CPU
		{92688DA6-2690-485B-96B6-C99B8C4490EC}.Core-GLFW3|Mixed Platforms.Build.0 = Release|Any CPU
		{92688DA6-2690-485B-96B6-C99B8C4490EC}.Core-GLFW3|x86.ActiveCfg = Release|Any CPU
		{92688DA6-2690-485B-96B6-C99B8C4490EC}.Debug|Any CPU.ActiveCfg = Debug|Any CPU
		{92688DA6-2690-485B-96B6-C99B8C4490EC}.Debug|Any CPU.Build.0 = Debug|Any CPU
		{92688DA6-2690-485B-96B6-C99B8C4490EC}.Debug|Mixed Platforms.ActiveCfg = Debug|Any CPU
		{92688DA6-2690-485B-96B6-C99B8C4490EC}.Debug|Mixed Platforms.Build.0 = Debug|Any CPU
		{92688DA6-2690-485B-96B6-C99B8C4490EC}.Debug|x86.ActiveCfg = Debug|Any CPU
		{92688DA6-2690-485B-96B6-C99B8C4490EC}.Release|Any CPU.ActiveCfg = Release|Any CPU
		{92688DA6-2690-485B-96B6-C99B8C4490EC}.Release|Any CPU.Build.0 = Release|Any CPU
		{92688DA6-2690-485B-96B6-C99B8C4490EC}.Release|Mixed Platforms.ActiveCfg = Release|Any CPU
		{92688DA6-2690-485B-96B6-C99B8C4490EC}.Release|Mixed Platforms.Build.0 = Release|Any CPU
		{92688DA6-2690-485B-96B6-C99B8C4490EC}.Release|x86.ActiveCfg = Release|Any CPU
		{ECB77D05-7BF7-4B8C-892A-59254A968863}.Compatibility-GLFW2|Any CPU.ActiveCfg = Release|Any CPU
		{ECB77D05-7BF7-4B8C-892A-59254A968863}.Compatibility-GLFW2|Any CPU.Build.0 = Release|Any CPU
		{ECB77D05-7BF7-4B8C-892A-59254A968863}.Compatibility-GLFW2|Mixed Platforms.ActiveCfg = Release|Any CPU
		{ECB77D05-7BF7-4B8C-892A-59254A968863}.Compatibility-GLFW2|Mixed Platforms.Build.0 = Release|Any CPU
		{ECB77D05-7BF7-4B8C-892A-59254A968863}.Compatibility-GLFW2|x86.ActiveCfg = Release|Any CPU
		{ECB77D05-7BF7-4B8C-892A-59254A968863}.Compatibility-GLFW3|Any CPU.ActiveCfg = Release|Any CPU
		{ECB77D05-7BF7-4B8C-892A-59254A968863}.Compatibility-GLFW3|Any CPU.Build.0 = Release|Any CPU
		{ECB77D05-7BF7-4B8C-892A-59254A968863}.Compatibility-GLFW3|Mixed Platforms.ActiveCfg = Release|Any CPU
		{ECB77D05-7BF7-4B8C-892A-59254A968863}.Compatibility-GLFW3|Mixed Platforms.Build.0 = Release|Any CPU
		{ECB77D05-7BF7-4B8C-892A-59254A968863}.Compatibility-GLFW3|x86.ActiveCfg = Release|Any CPU
		{ECB77D05-7BF7-4B8C-892A-59254A968863}.Core-GLFW2|Any CPU.ActiveCfg = Release|Any CPU
		{ECB77D05-7BF7-4B8C-892A-59254A968863}.Core-GLFW2|Any CPU.Build.0 = Release|Any CPU
		{ECB77D05-7BF7-4B8C-892A-59254A968863}.Core-GLFW2|Mixed Platforms.ActiveCfg = Release|Any CPU
		{ECB77D05-7BF7-4B8C-892A-59254A968863}.Core-GLFW2|Mixed Platforms.Build.0 = Release|Any CPU
		{ECB77D05-7BF7-4B8C-892A-59254A968863}.Core-GLFW2|x86.ActiveCfg = Release|Any CPU
		{ECB77D05-7BF7-4B8C-892A-59254A968863}.Core-GLFW3|Any CPU.ActiveCfg = Release|Any CPU
		{ECB77D05-7BF7-4B8C-892A-59254A968863}.Core-GLFW3|Any CPU.Build.0 = Release|Any CPU
		{ECB77D05-7BF7-4B8C-892A-59254A968863}.Core-GLFW3|Mixed Platforms.ActiveCfg = Release|Any CPU
		{ECB77D05-7BF7-4B8C-892A-59254A968863}.Core-GLFW3|Mixed Platforms.Build.0 = Release|Any CPU
		{ECB77D05-7BF7-4B8C-892A-59254A968863}.Core-GLFW3|x86.ActiveCfg = Release|Any CPU
		{ECB77D05-7BF7-4B8C-892A-59254A968863}.Debug|Any CPU.ActiveCfg = Debug|Any CPU
		{ECB77D05-7BF7-4B8C-892A-59254A968863}.Debug|Any CPU.Build.0 = Debug|Any CPU
		{ECB77D05-7BF7-4B8C-892A-59254A968863}.Debug|Mixed Platforms.ActiveCfg = Debug|Any CPU
		{ECB77D05-7BF7-4B8C-892A-59254A968863}.Debug|Mixed Platforms.Build.0 = Debug|Any CPU
		{ECB77D05-7BF7-4B8C-892A-59254A968863}.Debug|x86.ActiveCfg = Debug|Any CPU
		{ECB77D05-7BF7-4B8C-892A-59254A968863}.Release|Any CPU.ActiveCfg = Release|Any CPU
		{ECB77D05-7BF7-4B8C-892A-59254A968863}.Release|Any CPU.Build.0 = Release|Any CPU
		{ECB77D05-7BF7-4B8C-892A-59254A968863}.Release|Mixed Platforms.ActiveCfg = Release|Any CPU
		{ECB77D05-7BF7-4B8C-892A-59254A968863}.Release|Mixed Platforms.Build.0 = Release|Any CPU
		{ECB77D05-7BF7-4B8C-892A-59254A968863}.Release|x86.ActiveCfg = Release|Any CPU
		{66B2CC90-5D7F-4706-9955-4A76F314AD32}.Compatibility-GLFW2|Any CPU.ActiveCfg = Release|x86
		{66B2CC90-5D7F-4706-9955-4A76F314AD32}.Compatibility-GLFW2|Mixed Platforms.ActiveCfg = Release|x86
		{66B2CC90-5D7F-4706-9955-4A76F314AD32}.Compatibility-GLFW2|Mixed Platforms.Build.0 = Release|x86
		{66B2CC90-5D7F-4706-9955-4A76F314AD32}.Compatibility-GLFW2|x86.ActiveCfg = Release|x86
		{66B2CC90-5D7F-4706-9955-4A76F314AD32}.Compatibility-GLFW2|x86.Build.0 = Release|x86
		{66B2CC90-5D7F-4706-9955-4A76F314AD32}.Compatibility-GLFW3|Any CPU.ActiveCfg = Release|x86
		{66B2CC90-5D7F-4706-9955-4A76F314AD32}.Compatibility-GLFW3|Mixed Platforms.ActiveCfg = Release|x86
		{66B2CC90-5D7F-4706-9955-4A76F314AD32}.Compatibility-GLFW3|Mixed Platforms.Build.0 = Release|x86
		{66B2CC90-5D7F-4706-9955-4A76F314AD32}.Compatibility-GLFW3|x86.ActiveCfg = Release|x86
		{66B2CC90-5D7F-4706-9955-4A76F314AD32}.Compatibility-GLFW3|x86.Build.0 = Release|x86
		{66B2CC90-5D7F-4706-9955-4A76F314AD32}.Core-GLFW2|Any CPU.ActiveCfg = Release|x86
		{66B2CC90-5D7F-4706-9955-4A76F314AD32}.Core-GLFW2|Mixed Platforms.ActiveCfg = Release|x86
		{66B2CC90-5D7F-4706-9955-4A76F314AD32}.Core-GLFW2|Mixed Platforms.Build.0 = Release|x86
		{66B2CC90-5D7F-4706-9955-4A76F314AD32}.Core-GLFW2|x86.ActiveCfg = Release|x86
		{66B2CC90-5D7F-4706-9955-4A76F314AD32}.Core-GLFW2|x86.Build.0 = Release|x86
		{66B2CC90-5D7F-4706-9955-4A76F314AD32}.Core-GLFW3|Any CPU.ActiveCfg = Release|x86
		{66B2CC90-5D7F-4706-9955-4A76F314AD32}.Core-GLFW3|Mixed Platforms.ActiveCfg = Release|x86
		{66B2CC90-5D7F-4706-9955-4A76F314AD32}.Core-GLFW3|Mixed Platforms.Build.0 = Release|x86
		{66B2CC90-5D7F-4706-9955-4A76F314AD32}.Core-GLFW3|x86.ActiveCfg = Release|x86
		{66B2CC90-5D7F-4706-9955-4A76F314AD32}.Core-GLFW3|x86.Build.0 = Release|x86
		{66B2CC90-5D7F-4706-9955-4A76F314AD32}.Debug|Any CPU.ActiveCfg = Debug|x86
		{66B2CC90-5D7F-4706-9955-4A76F314AD32}.Debug|Mixed Platforms.ActiveCfg = Debug|x86
		{66B2CC90-5D7F-4706-9955-4A76F314AD32}.Debug|Mixed Platforms.Build.0 = Debug|x86
		{66B2CC90-5D7F-4706-9955-4A76F314AD32}.Debug|x86.ActiveCfg = Debug|x86
		{66B2CC90-5D7F-4706-9955-4A76F314AD32}.Debug|x86.Build.0 = Debug|x86
		{66B2CC90-5D7F-4706-9955-4A76F314AD32}.Release|Any CPU.ActiveCfg = Release|x86
		{66B2CC90-5D7F-4706-9955-4A76F314AD32}.Release|Mixed Platforms.ActiveCfg = Release|x86
		{66B2CC90-5D7F-4706-9955-4A76F314AD32}.Release|Mixed Platforms.Build.0 = Release|x86
		{66B2CC90-5D7F-4706-9955-4A76F314AD32}.Release|x86.ActiveCfg = Release|x86
		{66B2CC90-5D7F-4706-9955-4A76F314AD32}.Release|x86.Build.0 = Release|x86
		{DDB6DB6D-E5DE-4BDB-8AC8-26DF800E9FF0}.Compatibility-GLFW2|Any CPU.ActiveCfg = Compatibility-GLFW2|Any CPU
		{DDB6DB6D-E5DE-4BDB-8AC8-26DF800E9FF0}.Compatibility-GLFW2|Any CPU.Build.0 = Compatibility-GLFW2|Any CPU
		{DDB6DB6D-E5DE-4BDB-8AC8-26DF800E9FF0}.Compatibility-GLFW2|Mixed Platforms.ActiveCfg = Compatibility-GLFW2|Any CPU
		{DDB6DB6D-E5DE-4BDB-8AC8-26DF800E9FF0}.Compatibility-GLFW2|Mixed Platforms.Build.0 = Compatibility-GLFW2|Any CPU
		{DDB6DB6D-E5DE-4BDB-8AC8-26DF800E9FF0}.Compatibility-GLFW2|x86.ActiveCfg = Compatibility-GLFW2|Any CPU
		{DDB6DB6D-E5DE-4BDB-8AC8-26DF800E9FF0}.Compatibility-GLFW3|Any CPU.ActiveCfg = Compatibility-GLFW3|Any CPU
		{DDB6DB6D-E5DE-4BDB-8AC8-26DF800E9FF0}.Compatibility-GLFW3|Any CPU.Build.0 = Compatibility-GLFW3|Any CPU
		{DDB6DB6D-E5DE-4BDB-8AC8-26DF800E9FF0}.Compatibility-GLFW3|Mixed Platforms.ActiveCfg = Compatibility-GLFW3|Any CPU
		{DDB6DB6D-E5DE-4BDB-8AC8-26DF800E9FF0}.Compatibility-GLFW3|Mixed Platforms.Build.0 = Compatibility-GLFW3|Any CPU
		{DDB6DB6D-E5DE-4BDB-8AC8-26DF800E9FF0}.Compatibility-GLFW3|x86.ActiveCfg = Compatibility-GLFW3|Any CPU
		{DDB6DB6D-E5DE-4BDB-8AC8-26DF800E9FF0}.Core-GLFW2|Any CPU.ActiveCfg = Core-GLFW2|Any CPU
		{DDB6DB6D-E5DE-4BDB-8AC8-26DF800E9FF0}.Core-GLFW2|Any CPU.Build.0 = Core-GLFW2|Any CPU
		{DDB6DB6D-E5DE-4BDB-8AC8-26DF800E9FF0}.Core-GLFW2|Mixed Platforms.ActiveCfg = Core-GLFW2|Any CPU
		{DDB6DB6D-E5DE-4BDB-8AC8-26DF800E9FF0}.Core-GLFW2|Mixed Platforms.Build.0 = Core-GLFW2|Any CPU
		{DDB6DB6D-E5DE-4BDB-8AC8-26DF800E9FF0}.Core-GLFW2|x86.ActiveCfg = Core-GLFW2|Any CPU
		{DDB6DB6D-E5DE-4BDB-8AC8-26DF800E9FF0}.Core-GLFW3|Any CPU.ActiveCfg = Core-GLFW3|Any CPU
		{DDB6DB6D-E5DE-4BDB-8AC8-26DF800E9FF0}.Core-GLFW3|Any CPU.Build.0 = Core-GLFW3|Any CPU
		{DDB6DB6D-E5DE-4BDB-8AC8-26DF800E9FF0}.Core-GLFW3|Mixed Platforms.ActiveCfg = Core-GLFW3|Any CPU
		{DDB6DB6D-E5DE-4BDB-8AC8-26DF800E9FF0}.Core-GLFW3|Mixed Platforms.Build.0 = Core-GLFW3|Any CPU
		{DDB6DB6D-E5DE-4BDB-8AC8-26DF800E9FF0}.Core-GLFW3|x86.ActiveCfg = Core-GLFW3|Any CPU
		{DDB6DB6D-E5DE-4BDB-8AC8-26DF800E9FF0}.Debug|Any CPU.ActiveCfg = Core-GLFW3|Any CPU
		{DDB6DB6D-E5DE-4BDB-8AC8-26DF800E9FF0}.Debug|Any CPU.Build.0 = Core-GLFW3|Any CPU
		{DDB6DB6D-E5DE-4BDB-8AC8-26DF800E9FF0}.Debug|Mixed Platforms.ActiveCfg = Core-GLFW3|Any CPU
		{DDB6DB6D-E5DE-4BDB-8AC8-26DF800E9FF0}.Debug|Mixed Platforms.Build.0 = Core-GLFW3|Any CPU
		{DDB6DB6D-E5DE-4BDB-8AC8-26DF800E9FF0}.Debug|x86.ActiveCfg = Core-GLFW3|Any CPU
		{DDB6DB6D-E5DE-4BDB-8AC8-26DF800E9FF0}.Release|Any CPU.ActiveCfg = Core-GLFW3|Any CPU
		{DDB6DB6D-E5DE-4BDB-8AC8-26DF800E9FF0}.Release|Any CPU.Build.0 = Core-GLFW3|Any CPU
		{DDB6DB6D-E5DE-4BDB-8AC8-26DF800E9FF0}.Release|Mixed Platforms.ActiveCfg = Core-GLFW3|Any CPU
		{DDB6DB6D-E5DE-4BDB-8AC8-26DF800E9FF0}.Release|Mixed Platforms.Build.0 = Core-GLFW3|Any CPU
		{DDB6DB6D-E5DE-4BDB-8AC8-26DF800E9FF0}.Release|x86.ActiveCfg = Core-GLFW3|Any CPU
	EndGlobalSection
	GlobalSection(SolutionProperties) = preSolution
		HideSolutionNode = FALSE
	EndGlobalSection
EndGlobal
