<?xml version="1.0" encoding="UTF-8"?>
<Project ToolsVersion="4.0" xmlns="http://schemas.microsoft.com/developer/msbuild/2003">
  <ItemGroup>
    <ClCompile Include="simple_app.cc">
      <Filter>cefsimple</Filter>
    </ClCompile>
    <ClCompile Include="simple_handler.cc">
      <Filter>cefsimple</Filter>
    </ClCompile>
    <ClCompile Include="cefsimple_win.cc">
      <Filter>cefsimple</Filter>
    </ClCompile>
    <ClCompile Include="simple_handler_win.cc">
      <Filter>cefsimple</Filter>
    </ClCompile>
  </ItemGroup>
  <ItemGroup>
    <ClInclude Include="simple_app.h">
      <Filter>cefsimple</Filter>
    </ClInclude>
    <ClInclude Include="simple_handler.h">
      <Filter>cefsimple</Filter>
    </ClInclude>
    <ClInclude Include="resource.h">
      <Filter>cefsimple</Filter>
    </ClInclude>
  </ItemGroup>
  <ItemGroup>
    <CustomBuild Include="CMakeLists.txt" />
  </ItemGroup>
  <ItemGroup>
    <None Include="cefsimple.exe.manifest">
      <Filter>cefsimple</Filter>
    </None>
    <None Include="res\cefsimple.ico">
      <Filter>cefsimple\res</Filter>
    </None>
    <None Include="res\small.ico">
      <Filter>cefsimple\res</Filter>
    </None>
  </ItemGroup>
  <ItemGroup>
    <ResourceCompile Include="cefsimple.rc">
      <Filter>cefsimple</Filter>
    </ResourceCompile>
  </ItemGroup>
  <ItemGroup>
    <Filter Include="cefsimple">
      <UniqueIdentifier>{5E62EAF7-7189-4917-8B99-4D1CCAB6869A}</UniqueIdentifier>
    </Filter>
    <Filter Include="cefsimple\res">
      <UniqueIdentifier>{26A1DCF2-694A-4610-B598-F0D1B4BFFFA4}</UniqueIdentifier>
    </Filter>
  </ItemGroup>
</Project>
