Microsoft Visual Studio Solution File, Format Version 11.00
# Visual Studio 2010
Project("{8BC9CEB8-8B4A-11D0-8D11-00A0C91BC942}") = "cefclient", "cefclient\cefclient.vcxproj", "{F389D48E-DCAC-49FA-837C-367C0D9FFD89}"
	ProjectSection(ProjectDependencies) = postProject
		{7BE93C6F-1AD2-4D1C-AE22-F150F8A751D6} = {7BE93C6F-1AD2-4D1C-AE22-F150F8A751D6}
	EndProjectSection
EndProject
Project("{8BC9CEB8-8B4A-11D0-8D11-00A0C91BC942}") = "cefsimple", "cefsimple\cefsimple.vcxproj", "{4240E80D-0DC7-4FF9-8CDD-E4134ECB6E0C}"
	ProjectSection(ProjectDependencies) = postProject
		{7BE93C6F-1AD2-4D1C-AE22-F150F8A751D6} = {7BE93C6F-1AD2-4D1C-AE22-F150F8A751D6}
	EndProjectSection
EndProject
Project("{8BC9CEB8-8B4A-11D0-8D11-00A0C91BC942}") = "libcef_dll_wrapper", "libcef_dll\libcef_dll_wrapper.vcxproj", "{7BE93C6F-1AD2-4D1C-AE22-F150F8A751D6}"
EndProject
Global
	GlobalSection(SolutionConfigurationPlatforms) = preSolution
		Debug|Win32 = Debug|Win32
		Release|Win32 = Release|Win32
	EndGlobalSection
	GlobalSection(ProjectConfigurationPlatforms) = postSolution
		{F389D48E-DCAC-49FA-837C-367C0D9FFD89}.Debug|Win32.ActiveCfg = Debug|Win32
		{F389D48E-DCAC-49FA-837C-367C0D9FFD89}.Debug|Win32.Build.0 = Debug|Win32
		{F389D48E-DCAC-49FA-837C-367C0D9FFD89}.Release|Win32.ActiveCfg = Release|Win32
		{F389D48E-DCAC-49FA-837C-367C0D9FFD89}.Release|Win32.Build.0 = Release|Win32
		{4240E80D-0DC7-4FF9-8CDD-E4134ECB6E0C}.Debug|Win32.ActiveCfg = Debug|Win32
		{4240E80D-0DC7-4FF9-8CDD-E4134ECB6E0C}.Debug|Win32.Build.0 = Debug|Win32
		{4240E80D-0DC7-4FF9-8CDD-E4134ECB6E0C}.Release|Win32.ActiveCfg = Release|Win32
		{4240E80D-0DC7-4FF9-8CDD-E4134ECB6E0C}.Release|Win32.Build.0 = Release|Win32
		{7BE93C6F-1AD2-4D1C-AE22-F150F8A751D6}.Debug|Win32.ActiveCfg = Debug|Win32
		{7BE93C6F-1AD2-4D1C-AE22-F150F8A751D6}.Debug|Win32.Build.0 = Debug|Win32
		{7BE93C6F-1AD2-4D1C-AE22-F150F8A751D6}.Release|Win32.ActiveCfg = Release|Win32
		{7BE93C6F-1AD2-4D1C-AE22-F150F8A751D6}.Release|Win32.Build.0 = Release|Win32
	EndGlobalSection
	GlobalSection(SolutionProperties) = preSolution
		HideSolutionNode = FALSE
	EndGlobalSection
EndGlobal
