<?xml version="1.0" encoding="UTF-8"?>
<Project ToolsVersion="14.0" xmlns="http://schemas.microsoft.com/developer/msbuild/2003">
  <ItemGroup>
    <ClCompile Include="D:\projects\CefBridge\cef3\cefsimple\simple_app.cc">
      <Filter>cefsimple</Filter>
    </ClCompile>
    <ClCompile Include="D:\projects\CefBridge\cef3\cefsimple\simple_handler.cc">
      <Filter>cefsimple</Filter>
    </ClCompile>
    <ClCompile Include="D:\projects\CefBridge\cef3\cefsimple\cefsimple_win.cc">
      <Filter>cefsimple</Filter>
    </ClCompile>
    <ClCompile Include="D:\projects\CefBridge\cef3\cefsimple\simple_handler_win.cc">
      <Filter>cefsimple</Filter>
    </ClCompile>
  </ItemGroup>
  <ItemGroup>
    <ClInclude Include="D:\projects\CefBridge\cef3\cefsimple\simple_app.h">
      <Filter>cefsimple</Filter>
    </ClInclude>
    <ClInclude Include="D:\projects\CefBridge\cef3\cefsimple\simple_handler.h">
      <Filter>cefsimple</Filter>
    </ClInclude>
    <ClInclude Include="D:\projects\CefBridge\cef3\cefsimple\resource.h">
      <Filter>cefsimple</Filter>
    </ClInclude>
  </ItemGroup>
  <ItemGroup>
    <CustomBuild Include="D:\projects\CefBridge\cef3\cefsimple\CMakeLists.txt" />
  </ItemGroup>
  <ItemGroup>
    <None Include="D:\projects\CefBridge\cef3\cefsimple\cefsimple.exe.manifest">
      <Filter>cefsimple</Filter>
    </None>
    <None Include="D:\projects\CefBridge\cef3\cefsimple\res\cefsimple.ico">
      <Filter>cefsimple\res</Filter>
    </None>
    <None Include="D:\projects\CefBridge\cef3\cefsimple\res\small.ico">
      <Filter>cefsimple\res</Filter>
    </None>
  </ItemGroup>
  <ItemGroup>
    <ResourceCompile Include="D:\projects\CefBridge\cef3\cefsimple\cefsimple.rc">
      <Filter>cefsimple</Filter>
    </ResourceCompile>
  </ItemGroup>
  <ItemGroup>
    <Filter Include="cefsimple">
      <UniqueIdentifier>{96AB3D8E-B18B-4515-90C3-8EE3F48B29D3}</UniqueIdentifier>
    </Filter>
    <Filter Include="cefsimple\res">
      <UniqueIdentifier>{B68769BA-C0A9-4227-995D-269B1BC415CE}</UniqueIdentifier>
    </Filter>
  </ItemGroup>
</Project>
