<?xml version="1.0" encoding="UTF-8"?>
<Project ToolsVersion="14.0" xmlns="http://schemas.microsoft.com/developer/msbuild/2003">
  <ItemGroup>
    <ClCompile Include="D:\projects\CefBridge\cef3\cefsimple\simple_app.cc">
      <Filter>cefsimple</Filter>
    </ClCompile>
    <ClCompile Include="D:\projects\CefBridge\cef3\cefsimple\simple_handler.cc">
      <Filter>cefsimple</Filter>
    </ClCompile>
    <ClCompile Include="D:\projects\CefBridge\cef3\cefsimple\cefsimple_win.cc">
      <Filter>cefsimple</Filter>
    </ClCompile>
    <ClCompile Include="D:\projects\CefBridge\cef3\cefsimple\simple_handler_win.cc">
      <Filter>cefsimple</Filter>
    </ClCompile>
  </ItemGroup>
  <ItemGroup>
    <ClInclude Include="D:\projects\CefBridge\cef3\cefsimple\simple_app.h">
      <Filter>cefsimple</Filter>
    </ClInclude>
    <ClInclude Include="D:\projects\CefBridge\cef3\cefsimple\simple_handler.h">
      <Filter>cefsimple</Filter>
    </ClInclude>
    <ClInclude Include="D:\projects\CefBridge\cef3\cefsimple\resource.h">
      <Filter>cefsimple</Filter>
    </ClInclude>
  </ItemGroup>
  <ItemGroup>
    <CustomBuild Include="D:\projects\CefBridge\cef3\cefsimple\CMakeLists.txt" />
  </ItemGroup>
  <ItemGroup>
    <None Include="D:\projects\CefBridge\cef3\cefsimple\cefsimple.exe.manifest">
      <Filter>cefsimple</Filter>
    </None>
    <None Include="D:\projects\CefBridge\cef3\cefsimple\res\cefsimple.ico">
      <Filter>cefsimple\res</Filter>
    </None>
    <None Include="D:\projects\CefBridge\cef3\cefsimple\res\small.ico">
      <Filter>cefsimple\res</Filter>
    </None>
  </ItemGroup>
  <ItemGroup>
    <ResourceCompile Include="D:\projects\CefBridge\cef3\cefsimple\cefsimple.rc">
      <Filter>cefsimple</Filter>
    </ResourceCompile>
  </ItemGroup>
  <ItemGroup>
    <Filter Include="cefsimple">
      <UniqueIdentifier>{89ACB724-C2E0-49FD-82A8-2DF3B24D0BD8}</UniqueIdentifier>
    </Filter>
    <Filter Include="cefsimple\res">
      <UniqueIdentifier>{AC64A1E0-146D-41D9-859A-A14928C2EEAE}</UniqueIdentifier>
    </Filter>
  </ItemGroup>
</Project>
