Microsoft Visual Studio Solution File, Format Version 11.00
# Visual Studio 2010
Project("{8BC9CEB8-8B4A-11D0-8D11-00A0C91BC942}") = "ALL_BUILD", "ALL_BUILD.vcxproj", "{766F029E-BB01-43C0-947C-A4BDDBA1619A}"
	ProjectSection(ProjectDependencies) = postProject
		{6BF89105-710A-432D-A988-0E4885963820} = {6BF89105-710A-432D-A988-0E4885963820}
		{0A9AC623-C6DF-4582-A128-93A0EBBC3878} = {0A9AC623-C6DF-4582-A128-93A0EBBC3878}
		{52291214-7AB1-4E3F-84FB-999759DDB9FF} = {52291214-7AB1-4E3F-84FB-999759DDB9FF}
		{345BFB10-C141-4199-AFDD-F56037CC73F4} = {345BFB10-C141-4199-AFDD-F56037CC73F4}
	EndProjectSection
EndProject
Project("{8BC9CEB8-8B4A-11D0-8D11-00A0C91BC942}") = "ZERO_CHECK", "ZERO_CHECK.vcxproj", "{6BF89105-710A-432D-A988-0E4885963820}"
	ProjectSection(ProjectDependencies) = postProject
	EndProjectSection
EndProject
Project("{8BC9CEB8-8B4A-11D0-8D11-00A0C91BC942}") = "cefclient", "cefclient\cefclient.vcxproj", "{0A9AC623-C6DF-4582-A128-93A0EBBC3878}"
	ProjectSection(ProjectDependencies) = postProject
		{6BF89105-710A-432D-A988-0E4885963820} = {6BF89105-710A-432D-A988-0E4885963820}
		{345BFB10-C141-4199-AFDD-F56037CC73F4} = {345BFB10-C141-4199-AFDD-F56037CC73F4}
	EndProjectSection
EndProject
Project("{8BC9CEB8-8B4A-11D0-8D11-00A0C91BC942}") = "cefsimple", "cefsimple\cefsimple.vcxproj", "{52291214-7AB1-4E3F-84FB-999759DDB9FF}"
	ProjectSection(ProjectDependencies) = postProject
		{6BF89105-710A-432D-A988-0E4885963820} = {6BF89105-710A-432D-A988-0E4885963820}
		{345BFB10-C141-4199-AFDD-F56037CC73F4} = {345BFB10-C141-4199-AFDD-F56037CC73F4}
	EndProjectSection
EndProject
Project("{8BC9CEB8-8B4A-11D0-8D11-00A0C91BC942}") = "libcef_dll_wrapper", "libcef_dll\libcef_dll_wrapper.vcxproj", "{345BFB10-C141-4199-AFDD-F56037CC73F4}"
	ProjectSection(ProjectDependencies) = postProject
		{6BF89105-710A-432D-A988-0E4885963820} = {6BF89105-710A-432D-A988-0E4885963820}
	EndProjectSection
EndProject
Global
	GlobalSection(SolutionConfigurationPlatforms) = preSolution
		Debug|Win32 = Debug|Win32
		Release|Win32 = Release|Win32
	EndGlobalSection
	GlobalSection(ProjectConfigurationPlatforms) = postSolution
		{766F029E-BB01-43C0-947C-A4BDDBA1619A}.Debug|Win32.ActiveCfg = Debug|Win32
		{766F029E-BB01-43C0-947C-A4BDDBA1619A}.Release|Win32.ActiveCfg = Release|Win32
		{6BF89105-710A-432D-A988-0E4885963820}.Debug|Win32.ActiveCfg = Debug|Win32
		{6BF89105-710A-432D-A988-0E4885963820}.Debug|Win32.Build.0 = Debug|Win32
		{6BF89105-710A-432D-A988-0E4885963820}.Release|Win32.ActiveCfg = Release|Win32
		{6BF89105-710A-432D-A988-0E4885963820}.Release|Win32.Build.0 = Release|Win32
		{0A9AC623-C6DF-4582-A128-93A0EBBC3878}.Debug|Win32.ActiveCfg = Debug|Win32
		{0A9AC623-C6DF-4582-A128-93A0EBBC3878}.Debug|Win32.Build.0 = Debug|Win32
		{0A9AC623-C6DF-4582-A128-93A0EBBC3878}.Release|Win32.ActiveCfg = Release|Win32
		{0A9AC623-C6DF-4582-A128-93A0EBBC3878}.Release|Win32.Build.0 = Release|Win32
		{52291214-7AB1-4E3F-84FB-999759DDB9FF}.Debug|Win32.ActiveCfg = Debug|Win32
		{52291214-7AB1-4E3F-84FB-999759DDB9FF}.Debug|Win32.Build.0 = Debug|Win32
		{52291214-7AB1-4E3F-84FB-999759DDB9FF}.Release|Win32.ActiveCfg = Release|Win32
		{52291214-7AB1-4E3F-84FB-999759DDB9FF}.Release|Win32.Build.0 = Release|Win32
		{345BFB10-C141-4199-AFDD-F56037CC73F4}.Debug|Win32.ActiveCfg = Debug|Win32
		{345BFB10-C141-4199-AFDD-F56037CC73F4}.Debug|Win32.Build.0 = Debug|Win32
		{345BFB10-C141-4199-AFDD-F56037CC73F4}.Release|Win32.ActiveCfg = Release|Win32
		{345BFB10-C141-4199-AFDD-F56037CC73F4}.Release|Win32.Build.0 = Release|Win32
	EndGlobalSection
	GlobalSection(ExtensibilityGlobals) = postSolution
	EndGlobalSection
	GlobalSection(ExtensibilityAddIns) = postSolution
	EndGlobalSection
EndGlobal
