Microsoft Visual Studio Solution File, Format Version 12.00
# Visual Studio 14
Project("{8BC9CEB8-8B4A-11D0-8D11-00A0C91BC942}") = "ALL_BUILD", "ALL_BUILD.vcxproj", "{42F95A1C-729F-46C1-B297-133F2D4A680E}"
	ProjectSection(ProjectDependencies) = postProject
		{23292707-C899-44D6-BF9B-4F8403916E9D} = {23292707-C899-44D6-BF9B-4F8403916E9D}
		{12DBEFD3-EBC2-4CFA-8D1C-8E61D0765759} = {12DBEFD3-EBC2-4CFA-8D1C-8E61D0765759}
		{0CD2EEDD-1A11-49BF-9551-9ABFCAD64A2D} = {0CD2EEDD-1A11-49BF-9551-9ABFCAD64A2D}
		{5E5CFB51-1732-4202-8B6B-5FB62DEED3C1} = {5E5CFB51-1732-4202-8B6B-5FB62DEED3C1}
	EndProjectSection
EndProject
Project("{8BC9CEB8-8B4A-11D0-8D11-00A0C91BC942}") = "ZERO_CHECK", "ZERO_CHECK.vcxproj", "{23292707-C899-44D6-BF9B-4F8403916E9D}"
	ProjectSection(ProjectDependencies) = postProject
	EndProjectSection
EndProject
Project("{8BC9CEB8-8B4A-11D0-8D11-00A0C91BC942}") = "cefclient", "cefclient\cefclient.vcxproj", "{12DBEFD3-EBC2-4CFA-8D1C-8E61D0765759}"
	ProjectSection(ProjectDependencies) = postProject
		{23292707-C899-44D6-BF9B-4F8403916E9D} = {23292707-C899-44D6-BF9B-4F8403916E9D}
		{5E5CFB51-1732-4202-8B6B-5FB62DEED3C1} = {5E5CFB51-1732-4202-8B6B-5FB62DEED3C1}
	EndProjectSection
EndProject
Project("{8BC9CEB8-8B4A-11D0-8D11-00A0C91BC942}") = "cefsimple", "cefsimple\cefsimple.vcxproj", "{0CD2EEDD-1A11-49BF-9551-9ABFCAD64A2D}"
	ProjectSection(ProjectDependencies) = postProject
		{23292707-C899-44D6-BF9B-4F8403916E9D} = {23292707-C899-44D6-BF9B-4F8403916E9D}
		{5E5CFB51-1732-4202-8B6B-5FB62DEED3C1} = {5E5CFB51-1732-4202-8B6B-5FB62DEED3C1}
	EndProjectSection
EndProject
Project("{8BC9CEB8-8B4A-11D0-8D11-00A0C91BC942}") = "libcef_dll_wrapper", "libcef_dll\libcef_dll_wrapper.vcxproj", "{5E5CFB51-1732-4202-8B6B-5FB62DEED3C1}"
	ProjectSection(ProjectDependencies) = postProject
		{23292707-C899-44D6-BF9B-4F8403916E9D} = {23292707-C899-44D6-BF9B-4F8403916E9D}
	EndProjectSection
EndProject
Global
	GlobalSection(SolutionConfigurationPlatforms) = preSolution
		Debug|Win32 = Debug|Win32
		Release|Win32 = Release|Win32
	EndGlobalSection
	GlobalSection(ProjectConfigurationPlatforms) = postSolution
		{42F95A1C-729F-46C1-B297-133F2D4A680E}.Debug|Win32.ActiveCfg = Debug|Win32
		{42F95A1C-729F-46C1-B297-133F2D4A680E}.Release|Win32.ActiveCfg = Release|Win32
		{23292707-C899-44D6-BF9B-4F8403916E9D}.Debug|Win32.ActiveCfg = Debug|Win32
		{23292707-C899-44D6-BF9B-4F8403916E9D}.Debug|Win32.Build.0 = Debug|Win32
		{23292707-C899-44D6-BF9B-4F8403916E9D}.Release|Win32.ActiveCfg = Release|Win32
		{23292707-C899-44D6-BF9B-4F8403916E9D}.Release|Win32.Build.0 = Release|Win32
		{12DBEFD3-EBC2-4CFA-8D1C-8E61D0765759}.Debug|Win32.ActiveCfg = Debug|Win32
		{12DBEFD3-EBC2-4CFA-8D1C-8E61D0765759}.Debug|Win32.Build.0 = Debug|Win32
		{12DBEFD3-EBC2-4CFA-8D1C-8E61D0765759}.Release|Win32.ActiveCfg = Release|Win32
		{12DBEFD3-EBC2-4CFA-8D1C-8E61D0765759}.Release|Win32.Build.0 = Release|Win32
		{0CD2EEDD-1A11-49BF-9551-9ABFCAD64A2D}.Debug|Win32.ActiveCfg = Debug|Win32
		{0CD2EEDD-1A11-49BF-9551-9ABFCAD64A2D}.Debug|Win32.Build.0 = Debug|Win32
		{0CD2EEDD-1A11-49BF-9551-9ABFCAD64A2D}.Release|Win32.ActiveCfg = Release|Win32
		{0CD2EEDD-1A11-49BF-9551-9ABFCAD64A2D}.Release|Win32.Build.0 = Release|Win32
		{5E5CFB51-1732-4202-8B6B-5FB62DEED3C1}.Debug|Win32.ActiveCfg = Debug|Win32
		{5E5CFB51-1732-4202-8B6B-5FB62DEED3C1}.Debug|Win32.Build.0 = Debug|Win32
		{5E5CFB51-1732-4202-8B6B-5FB62DEED3C1}.Release|Win32.ActiveCfg = Release|Win32
		{5E5CFB51-1732-4202-8B6B-5FB62DEED3C1}.Release|Win32.Build.0 = Release|Win32
	EndGlobalSection
	GlobalSection(ExtensibilityGlobals) = postSolution
	EndGlobalSection
	GlobalSection(ExtensibilityAddIns) = postSolution
	EndGlobalSection
EndGlobal
