<?xml version="1.0" encoding="UTF-8"?>
<Project ToolsVersion="14.0" xmlns="http://schemas.microsoft.com/developer/msbuild/2003">
  <ItemGroup>
    <CustomBuild Include="D:\projects\CefBridge\cef3_output\CMakeFiles\e8a71097d6db1433257bee62cf447f4e\generate.stamp.rule">
      <Filter>CMake Rules</Filter>
    </CustomBuild>
  </ItemGroup>
  <ItemGroup>
    <Filter Include="CMake Rules">
      <UniqueIdentifier>{E1D0F413-CC77-431E-9F8A-BE8D5684AB97}</UniqueIdentifier>
    </Filter>
  </ItemGroup>
</Project>
